
Microsoft Visual Studio Solution File, Format Version 12.00
# Visual Studio Version 16
VisualStudioVersion = 16.0.30611.23
MinimumVisualStudioVersion = 10.0.40219.1
Project("{FAE04EC0-301F-11D3-BF4B-00C04F79EFBC}") = "LAB4-NETD3202-ANDRE-AGRIPPA", "LAB4-NETD3202-ANDRE-AGRIPPA\LAB4-NETD3202-ANDRE-AGRIPPA.csproj", "{4346E2BE-A515-42E2-BF09-35C6F3C5EFC2}"
EndProject
Global
	GlobalSection(SolutionConfigurationPlatforms) = preSolution
		Debug|Any CPU = Debug|Any CPU
		Release|Any CPU = Release|Any CPU
	EndGlobalSection
	GlobalSection(ProjectConfigurationPlatforms) = postSolution
		{4346E2BE-A515-42E2-BF09-35C6F3C5EFC2}.Debug|Any CPU.ActiveCfg = Debug|Any CPU
		{4346E2BE-A515-42E2-BF09-35C6F3C5EFC2}.Debug|Any CPU.Build.0 = Debug|Any CPU
		{4346E2BE-A515-42E2-BF09-35C6F3C5EFC2}.Release|Any CPU.ActiveCfg = Release|Any CPU
		{4346E2BE-A515-42E2-BF09-35C6F3C5EFC2}.Release|Any CPU.Build.0 = Release|Any CPU
	EndGlobalSection
	GlobalSection(SolutionProperties) = preSolution
		HideSolutionNode = FALSE
	EndGlobalSection
	GlobalSection(ExtensibilityGlobals) = postSolution
		SolutionGuid = {24815F7A-01B9-4961-B0DC-B69049E66F9B}
	EndGlobalSection
EndGlobal
